{
  "version": "3",
  "packages": {
    "specifiers": {
      "npm:react": "npm:react@18.2.0"
    },
    "npm": {
      "js-tokens@4.0.0": {
        "integrity": "sha512-RdJUflcE3cUzKiMqQgsCu06FPu9UdIJO0beYbPhHN4k6apgJtifcoCtT9bcxOpYBtpD2kCM6Sbzg4CausW/PKQ==",
        "dependencies": {}
      },
      "loose-envify@1.4.0": {
        "integrity": "sha512-lyuxPGr/Wfhrlem2CL/UcnUc1zcqKAImBDzukY7Y5F/yQiNdko6+fRLevlw1HgMySw7f611UIY408EtxRSoK3Q==",
        "dependencies": {
          "js-tokens": "js-tokens@4.0.0"
        }
      },
      "react@18.2.0": {
        "integrity": "sha512-/3IjMdb2L9QbBdWiW5e3P2/npwMBaU9mHCSCUzNln0ZCYbcfTsGbTJrU/kGemdH2IWmB2ioZ+zkxtmq6g09fGQ==",
        "dependencies": {
          "loose-envify": "loose-envify@1.4.0"
        }
      }
    }
  },
  "redirects": {
    "https://64e8753eae24930008fac6d9--edge.netlify.app/bootstrap/index-combined.ts": "https://64e8753eae24930008fac6d9--edge.netlify.com/bootstrap/index-combined.ts",
    "https://esm.sh/v128/@types/react@~18.2/index.d.ts": "https://esm.sh/v128/@types/react@18.2.38/index.d.ts"
  },
  "remote": {
    "https://64e8753eae24930008fac6d9--edge.netlify.com/bootstrap/account.ts": "2a728e5787f089e638732dd9a1bd782770d83d403b60bd6d35977045f77ecf70",
    "https://64e8753eae24930008fac6d9--edge.netlify.com/bootstrap/blobs.ts": "a4ee4d3211e8fd3ef942957e384f829610c7d813de5d75e815353f91fd2a7929",
    "https://64e8753eae24930008fac6d9--edge.netlify.com/bootstrap/bypass.ts": "225c35410fbe6f445f53d30e929f39a3547e8792d1147f5c016aa0068aba0b45",
    "https://64e8753eae24930008fac6d9--edge.netlify.com/bootstrap/cache.ts": "b8cbe411e9cac6529a11bce57fa1693aea14c1c614d977e23641efba8976dc66",
    "https://64e8753eae24930008fac6d9--edge.netlify.com/bootstrap/context.ts": "8f99269eeeeccf9b852e6089cc648c962a0ea20b2198b8b38b38e3b2ce2b9143",
    "https://64e8753eae24930008fac6d9--edge.netlify.com/bootstrap/cookie.ts": "6813e87996aef1b75348ccddc7f3c64a3be7ed1521a0af524ec986f4ea8764ee",
    "https://64e8753eae24930008fac6d9--edge.netlify.com/bootstrap/cookie_store.ts": "83e87d7f704589e257effa270e1abbd9ad0e362f8eeb596be60350a528bc3c1a",
    "https://64e8753eae24930008fac6d9--edge.netlify.com/bootstrap/deno-fs.ts": "ccd0a9335de14e01d77e8937e2320c99a110f5f2a473b80126750e3884ef952a",
    "https://64e8753eae24930008fac6d9--edge.netlify.com/bootstrap/edge_function.ts": "b8253e86aa83c67341f5cfedeba5049d77fbf84dcab7eceff7566b7728ae9b39",
    "https://64e8753eae24930008fac6d9--edge.netlify.com/bootstrap/environment.ts": "310fda1b6341d50ba1b7838acd3acdcc883a6c59e30783fa486fa03fa512cd3f",
    "https://64e8753eae24930008fac6d9--edge.netlify.com/bootstrap/feature_flags.ts": "d0d99cb8959b95281744e4dff1c17925cea2f14ec22de2c94f0f2a3eb622320a",
    "https://64e8753eae24930008fac6d9--edge.netlify.com/bootstrap/function_chain.ts": "6c6a3fb39c20604ee2047633a9e06160f4ff8f0456b95fb5d0fc2018afed47e3",
    "https://64e8753eae24930008fac6d9--edge.netlify.com/bootstrap/geo.ts": "18499de9f6df128568f54ebc6435e37c010ad6a742daae1383ff4a6f997f9767",
    "https://64e8753eae24930008fac6d9--edge.netlify.com/bootstrap/globals.ts": "d0f16f3dd058b2df4d2deb2d2673744176f41f7284013d7d3bc790b9ed16cf14",
    "https://64e8753eae24930008fac6d9--edge.netlify.com/bootstrap/handler.ts": "79d75a050cb89b6a673d20c5e059691b8bb93178a72a07ba713555ca024c5a3d",
    "https://64e8753eae24930008fac6d9--edge.netlify.com/bootstrap/headers.ts": "c8207507959258b3a31d7ef6bb17244da5ca0f4c6aa0629647b6a9322872f743",
    "https://64e8753eae24930008fac6d9--edge.netlify.com/bootstrap/index-combined.ts": "d3d3275ef36aff31e35a56da0db128b0f7403cecc4ca8c9af1e17cb78bfa5ae0",
    "https://64e8753eae24930008fac6d9--edge.netlify.com/bootstrap/invocation_metadata.ts": "e16572a7bdfb504ec7e8b19fa010ae832c5de97cabcc80b3746b47c723d5d197",
    "https://64e8753eae24930008fac6d9--edge.netlify.com/bootstrap/log/instrumented_log.ts": "7e8010d9e11e76aa5207f290ff51652f8edaa6d41ed8bc1fc865349d9b4689ed",
    "https://64e8753eae24930008fac6d9--edge.netlify.com/bootstrap/log/logger.ts": "618a2bb3fe1a15658ea95a98e06d31f10afb0d1af86357b9fa52f9311fca9d81",
    "https://64e8753eae24930008fac6d9--edge.netlify.com/bootstrap/log/types.ts": "be534c9e56a358189415e7c447e093daa4293e89c05a210ab20a1218802ac4f9",
    "https://64e8753eae24930008fac6d9--edge.netlify.com/bootstrap/path_parameters.ts": "51aad8e72e6516ed174486ca8f831cab6da0550a742c71eb0f92e4f499c7b6cb",
    "https://64e8753eae24930008fac6d9--edge.netlify.com/bootstrap/request.ts": "0a70af5c768877d0971d8c9898a87a6ff628c75f0c8a493cc3255e4cf540fc28",
    "https://64e8753eae24930008fac6d9--edge.netlify.com/bootstrap/request_store.ts": "9270fb6d8fb25fb00af79a1406a52084f09d42aa5f8957377d8fecb1bc3b2f99",
    "https://64e8753eae24930008fac6d9--edge.netlify.com/bootstrap/response.ts": "4e0d2537f810028ddbe91138b3526dae3f4c3fb30ff17673342ca971207c21b7",
    "https://64e8753eae24930008fac6d9--edge.netlify.com/bootstrap/retry.ts": "f296ce40940395e9cceb45e7e6df2852cfdd04d560d63b66e0d448550b583f77",
    "https://64e8753eae24930008fac6d9--edge.netlify.com/bootstrap/router.ts": "b787249ecbd87c01a661957302a251ecf6653f3c22d5eb3a6a167b8d07264fdc",
    "https://64e8753eae24930008fac6d9--edge.netlify.com/bootstrap/server.ts": "8b11984bb87a6a414f785a2ef54cc0df41a04bb77c4bc4c8593c7a00a666d9fe",
    "https://64e8753eae24930008fac6d9--edge.netlify.com/bootstrap/site.ts": "c4ab1ea61feaafcebfcc08fb8f501084c92094c5dc4051be049786f403dec0e5",
    "https://64e8753eae24930008fac6d9--edge.netlify.com/bootstrap/stage_2.ts": "9504d8124ec1284a84cb2537b0d04540ee59846aa902d868436057ac5b671307",
    "https://64e8753eae24930008fac6d9--edge.netlify.com/bootstrap/util/errors.ts": "e844f57dbb383a04c76523f1b2e30d8b99f8f7afb843a4b936e8d4d2a8a2d990",
    "https://64e8753eae24930008fac6d9--edge.netlify.com/bootstrap/util/execution_context.ts": "80d560a41b2fc470a8496375030065f05f4cf2bfac5ab9f7f972e9e61c2a00a1",
    "https://64e8753eae24930008fac6d9--edge.netlify.com/bootstrap/util/named_wrapper.ts": "a2b16dc9a8e8fb07509b5cfe29203eebd5bfaafe7589669bae544c8d4d606934",
    "https://64e8753eae24930008fac6d9--edge.netlify.com/bootstrap/util/patch_globals.ts": "bed0509e66d8adbdcbe51138b4ef7aceb7d53d8c1df850535a0dec043259425d",
    "https://64e8753eae24930008fac6d9--edge.netlify.com/bootstrap/util/redirect.ts": "44e8579752b8e386fa0c482215b090910a13c1fcab2e302a260fb7eb5cac8b8a",
    "https://64e8753eae24930008fac6d9--edge.netlify.com/bootstrap/util/stack_tracer.ts": "b8eea4305ed2a38a200c95ffd354d3090a4ea225f8e648f54101ee96f8ba6157",
    "https://64e8753eae24930008fac6d9--edge.netlify.com/vendor/v1-3-0--blobs-js.netlify.app/main.ts": "2280f5fb458eeb5b0b08b01ba0374d4c1bba9a5e824e651b40d138f9add5f1de",
    "https://deno.land/std@0.170.0/_util/asserts.ts": "d0844e9b62510f89ce1f9878b046f6a57bf88f208a10304aab50efcb48365272",
    "https://deno.land/std@0.170.0/async/abortable.ts": "80b2ac399f142cc528f95a037a7d0e653296352d95c681e284533765961de409",
    "https://deno.land/std@0.170.0/async/deadline.ts": "2c2deb53c7c28ca1dda7a3ad81e70508b1ebc25db52559de6b8636c9278fd41f",
    "https://deno.land/std@0.170.0/async/debounce.ts": "60301ffb37e730cd2d6f9dadfd0ecb2a38857681bd7aaf6b0a106b06e5210a98",
    "https://deno.land/std@0.170.0/async/deferred.ts": "77d3f84255c3627f1cc88699d8472b664d7635990d5358c4351623e098e917d6",
    "https://deno.land/std@0.170.0/async/delay.ts": "5a9bfba8de38840308a7a33786a0155a7f6c1f7a859558ddcec5fe06e16daf57",
    "https://deno.land/std@0.170.0/async/mod.ts": "7809ad4bb223e40f5fdc043e5c7ca04e0e25eed35c32c3c32e28697c553fa6d9",
    "https://deno.land/std@0.170.0/async/mux_async_iterator.ts": "770a0ff26c59f8bbbda6b703a2235f04e379f73238e8d66a087edc68c2a2c35f",
    "https://deno.land/std@0.170.0/async/pool.ts": "6854d8cd675a74c73391c82005cbbe4cc58183bddcd1fbbd7c2bcda42b61cf69",
    "https://deno.land/std@0.170.0/async/retry.ts": "e8e5173623915bbc0ddc537698fa418cf875456c347eda1ed453528645b42e67",
    "https://deno.land/std@0.170.0/async/tee.ts": "3a47cc4e9a940904fd4341f0224907e199121c80b831faa5ec2b054c6d2eff5e",
    "https://deno.land/std@0.170.0/datetime/to_imf.ts": "bdb0704a986a9bb48fba220722b3d4681e4b8c9c162562ee545ef2eb90b6edcd",
    "https://deno.land/std@0.170.0/encoding/base64.ts": "8605e018e49211efc767686f6f687827d7f5fd5217163e981d8d693105640d7a",
    "https://deno.land/std@0.170.0/flags/mod.ts": "4f50ec6383c02684db35de38b3ffb2cd5b9fcfcc0b1147055d1980c49e82521c",
    "https://deno.land/std@0.170.0/http/cookie.ts": "581464551b3d91739f699fbd6a429e6e8701ae252cf295efcda7379e8410d204",
    "https://deno.land/std@0.170.0/http/http_status.ts": "ed24048cc0d06066c944da59b0301da3ae2f990564bb4ad79bb52a09cf8e9b30",
    "https://deno.land/std@0.170.0/http/server.ts": "1b93c76cd415d7b6ad0ae36c17ccb9149b23f4dff018f7d5aa1ab5c36637eb45",
    "https://deno.land/x/hono@v3.10.2/client/client.ts": "ff340f58041203879972dd368b011ed130c66914f789826610869a90603406bf",
    "https://deno.land/x/hono@v3.10.2/client/index.ts": "3ff4cf246f3543f827a85a2c84d66a025ac350ee927613629bda47e854bfb7ba",
    "https://deno.land/x/hono@v3.10.2/client/utils.ts": "053273c002963b549d38268a1b423ac8ca211a8028bdab1ed0b781a62aa5e661",
    "https://deno.land/x/hono@v3.10.2/compose.ts": "c8566965e4e6fc9c9537b168f21e567228c3fa7b1835773e6c922b06b7b15a59",
    "https://deno.land/x/hono@v3.10.2/context.ts": "261cc8b8b1e8f04b98beab1cca6692f317b7dc6d2b75b4f84c982e54cf1db730",
    "https://deno.land/x/hono@v3.10.2/helper/cookie/index.ts": "55ccd20bbd8d9a8bb2ecd998e90845c1d306c19027f54b3d1b89a5be35968b80",
    "https://deno.land/x/hono@v3.10.2/hono-base.ts": "24d80672cf8cdd0cdffa27af26a794aaf94c1ad74c8ad5ec18ec41c18f118fb4",
    "https://deno.land/x/hono@v3.10.2/hono.ts": "2cc4c292e541463a4d6f83edbcea58048d203e9564ae62ec430a3d466b49a865",
    "https://deno.land/x/hono@v3.10.2/http-exception.ts": "6071df078b5f76d279684d52fe82a590f447a64ffe1b75eb5064d0c8a8d2d676",
    "https://deno.land/x/hono@v3.10.2/mod.ts": "90114a97be9111b348129ad0143e764a64921f60dd03b8f3da529db98a0d3a82",
    "https://deno.land/x/hono@v3.10.2/request.ts": "73d1de03c2876948b6269f40bab85c81e7a4648d345b630d4518988606f4142c",
    "https://deno.land/x/hono@v3.10.2/router.ts": "39d573f48baee429810cd583c931dd44274273c30804d538c86967d310ea4ab5",
    "https://deno.land/x/hono@v3.10.2/router/linear-router/index.ts": "8a2a7144c50b1f4a92d9ee99c2c396716af144c868e10608255f969695efccd0",
    "https://deno.land/x/hono@v3.10.2/router/linear-router/router.ts": "bc63e8b5bc1dabc815306d50bebd1bb5877ffa3936ba2ad7550d093c95ee6bd1",
    "https://deno.land/x/hono@v3.10.2/router/pattern-router/index.ts": "304a66c50e243872037ed41c7dd79ed0c89d815e17e172e7ad7cdc4bc07d3383",
    "https://deno.land/x/hono@v3.10.2/router/pattern-router/router.ts": "a9a5a2a182cce8c3ae82139892cc0502be7dd8f579f31e76d0302b19b338e548",
    "https://deno.land/x/hono@v3.10.2/router/reg-exp-router/index.ts": "52755829213941756159b7a963097bafde5cc4fc22b13b1c7c9184dc0512d1db",
    "https://deno.land/x/hono@v3.10.2/router/reg-exp-router/node.ts": "5b3fb80411db04c65df066e69fedb2c8c0844753c2633d703336de84d569252c",
    "https://deno.land/x/hono@v3.10.2/router/reg-exp-router/router.ts": "fbe8917aa24fe25d0208bfa82ce7f49ba0507f9ae158d4d0c177f6a061b0a561",
    "https://deno.land/x/hono@v3.10.2/router/reg-exp-router/trie.ts": "852ce7207e6701e47fa30889a0d2b8bfcd56d8862c97e7bc9831e0a64bd8835f",
    "https://deno.land/x/hono@v3.10.2/router/smart-router/index.ts": "74f9b4fe15ea535900f2b9b048581915f12fe94e531dd2b0032f5610e61c3bef",
    "https://deno.land/x/hono@v3.10.2/router/smart-router/router.ts": "71979c06b32b093960a6e8efc4c185e558f280bff18846b8b1cdc757ade6ff99",
    "https://deno.land/x/hono@v3.10.2/router/trie-router/index.ts": "3eb75e7f71ba81801631b30de6b1f5cefb2c7239c03797e2b2cbab5085911b41",
    "https://deno.land/x/hono@v3.10.2/router/trie-router/node.ts": "3af15fa9c9994a8664a2b7a7c11233504b5bb9d4fcf7bb34cf30d7199052c39f",
    "https://deno.land/x/hono@v3.10.2/router/trie-router/router.ts": "54ced78d35676302c8fcdda4204f7bdf5a7cc907fbf9967c75674b1e394f830d",
    "https://deno.land/x/hono@v3.10.2/utils/body.ts": "7a16a6656331a96bcae57642f8d5e3912bd361cbbcc2c0d2157ecc3f218f7a92",
    "https://deno.land/x/hono@v3.10.2/utils/buffer.ts": "9066a973e64498cb262c7e932f47eed525a51677b17f90893862b7279dc0773e",
    "https://deno.land/x/hono@v3.10.2/utils/cookie.ts": "19920ba6756944aae1ad8585c3ddeaa9df479733f59d05359db096f7361e5e4b",
    "https://deno.land/x/hono@v3.10.2/utils/crypto.ts": "bda0e141bbe46d3a4a20f8fbcb6380d473b617123d9fdfa93e4499410b537acc",
    "https://deno.land/x/hono@v3.10.2/utils/stream.ts": "1789dcc73c5b0ede28f83d7d34e47ae432c20e680907cb3275a9c9187f293983",
    "https://deno.land/x/hono@v3.10.2/utils/url.ts": "5fc3307ef3cb2e6f34ec2a03e3d7f2126c6a9f5f0eab677222df3f0e40bd7567",
    "https://deno.land/x/hono@v3.10.2/validator/index.ts": "6c986e8b91dcf857ecc8164a506ae8eea8665792a4ff7215471df669c632ae7c",
    "https://deno.land/x/hono@v3.10.2/validator/validator.ts": "afa5e52495e0996fbba61996736fab5c486590d72d376f809e9f9ff4e0c463e9",
    "https://deno.land/x/hono@v3.12.4/adapter/netlify/handler.ts": "c4926f3d2dd5e11f60c1eea0473a93b5090de8b3d0d70d2c67c9191a32355a6a",
    "https://deno.land/x/hono@v3.12.4/adapter/netlify/mod.ts": "e52bd1d1962d667072638e135e6f2d5856829127b07e118bd273ad13476cfd50",
    "https://deno.land/x/hono@v3.12.4/client/client.ts": "9b3bddfd400d069d58320c3f475447d5e61f2c343adad402d5d36fa17f00b481",
    "https://deno.land/x/hono@v3.12.4/client/index.ts": "30def535310a37bede261f1b23d11a9758983b8e9d60a6c56309cee5f6746ab2",
    "https://deno.land/x/hono@v3.12.4/client/types.ts": "f274cd0930b73a05a2aee9e38d6dfdaf9ee89ae8589d4df7beee89e642dd5944",
    "https://deno.land/x/hono@v3.12.4/client/utils.ts": "053273c002963b549d38268a1b423ac8ca211a8028bdab1ed0b781a62aa5e661",
    "https://deno.land/x/hono@v3.12.4/compose.ts": "37d6e33b7db80e4c43a0629b12fd3a1e3406e7d9e62a4bfad4b30426ea7ae4f1",
    "https://deno.land/x/hono@v3.12.4/context.ts": "2c40b46d14f4fa7563d03ec7e75c6a251f8608546f9c75e097deab18fe6be1c1",
    "https://deno.land/x/hono@v3.12.4/helper/adapter/index.ts": "eea9b4caedbfa3a3b4a020bf46c88c0171a00008cd6c10708cd85a3e39d86e62",
    "https://deno.land/x/hono@v3.12.4/helper/cookie/index.ts": "a05ce7e3bafe1f8c7f45d04abf79822716011be75904fe1aad2e99126fd985b9",
    "https://deno.land/x/hono@v3.12.4/helper/html/index.ts": "701ed12b808e8c253247edc02c2c4b32261ae899e9c98f1427f7f6eaa8b7d1ce",
    "https://deno.land/x/hono@v3.12.4/hono-base.ts": "301b30b9db84c382a536e4f1969dac338cd67860a83ce0af82118c42278cc03d",
    "https://deno.land/x/hono@v3.12.4/hono.ts": "2cc4c292e541463a4d6f83edbcea58048d203e9564ae62ec430a3d466b49a865",
    "https://deno.land/x/hono@v3.12.4/http-exception.ts": "6071df078b5f76d279684d52fe82a590f447a64ffe1b75eb5064d0c8a8d2d676",
    "https://deno.land/x/hono@v3.12.4/mod.ts": "90114a97be9111b348129ad0143e764a64921f60dd03b8f3da529db98a0d3a82",
    "https://deno.land/x/hono@v3.12.4/request.ts": "71a67261d14bba95e9a8b4782a1c1704d12d54a77390ce404741df15ab99a109",
    "https://deno.land/x/hono@v3.12.4/router.ts": "880316f561918fc197481755aac2165fdbe2f530b925c5357a9f98d6e2cc85c7",
    "https://deno.land/x/hono@v3.12.4/router/linear-router/index.ts": "8a2a7144c50b1f4a92d9ee99c2c396716af144c868e10608255f969695efccd0",
    "https://deno.land/x/hono@v3.12.4/router/linear-router/router.ts": "1366b3fada26e33c96b0f228aa7962b9c9801c4f484b3991b256aed2c005c668",
    "https://deno.land/x/hono@v3.12.4/router/pattern-router/index.ts": "304a66c50e243872037ed41c7dd79ed0c89d815e17e172e7ad7cdc4bc07d3383",
    "https://deno.land/x/hono@v3.12.4/router/pattern-router/router.ts": "a9a5a2a182cce8c3ae82139892cc0502be7dd8f579f31e76d0302b19b338e548",
    "https://deno.land/x/hono@v3.12.4/router/reg-exp-router/index.ts": "52755829213941756159b7a963097bafde5cc4fc22b13b1c7c9184dc0512d1db",
    "https://deno.land/x/hono@v3.12.4/router/reg-exp-router/node.ts": "5b3fb80411db04c65df066e69fedb2c8c0844753c2633d703336de84d569252c",
    "https://deno.land/x/hono@v3.12.4/router/reg-exp-router/router.ts": "c89a37b14c64518256d2fc216d9db7645e658235648762c3ad6e3fc6872a941c",
    "https://deno.land/x/hono@v3.12.4/router/reg-exp-router/trie.ts": "852ce7207e6701e47fa30889a0d2b8bfcd56d8862c97e7bc9831e0a64bd8835f",
    "https://deno.land/x/hono@v3.12.4/router/smart-router/index.ts": "74f9b4fe15ea535900f2b9b048581915f12fe94e531dd2b0032f5610e61c3bef",
    "https://deno.land/x/hono@v3.12.4/router/smart-router/router.ts": "f1848a2a1eefa316a11853ae12e749552747771fb8a11fe713ae04ea6461140b",
    "https://deno.land/x/hono@v3.12.4/router/trie-router/index.ts": "3eb75e7f71ba81801631b30de6b1f5cefb2c7239c03797e2b2cbab5085911b41",
    "https://deno.land/x/hono@v3.12.4/router/trie-router/node.ts": "0e5fe69756de5f45130ba6944e2158d51713e1229ec3eabddd997972ad480fed",
    "https://deno.land/x/hono@v3.12.4/router/trie-router/router.ts": "54ced78d35676302c8fcdda4204f7bdf5a7cc907fbf9967c75674b1e394f830d",
    "https://deno.land/x/hono@v3.12.4/types.ts": "4cbc25194e89dcd78dd669e616150041f93eae6ad1825a601230bd922b568810",
    "https://deno.land/x/hono@v3.12.4/utils/body.ts": "7a16a6656331a96bcae57642f8d5e3912bd361cbbcc2c0d2157ecc3f218f7a92",
    "https://deno.land/x/hono@v3.12.4/utils/buffer.ts": "9066a973e64498cb262c7e932f47eed525a51677b17f90893862b7279dc0773e",
    "https://deno.land/x/hono@v3.12.4/utils/cookie.ts": "19920ba6756944aae1ad8585c3ddeaa9df479733f59d05359db096f7361e5e4b",
    "https://deno.land/x/hono@v3.12.4/utils/crypto.ts": "bda0e141bbe46d3a4a20f8fbcb6380d473b617123d9fdfa93e4499410b537acc",
    "https://deno.land/x/hono@v3.12.4/utils/html.ts": "e800e72e2940104e963707edb41a438937693dda8d21bd37a57620e35d36c647",
    "https://deno.land/x/hono@v3.12.4/utils/http-status.ts": "e0c4343ea7717c314dc600131e16b636c29d61cfdaf9df93b267258d1729d1a0",
    "https://deno.land/x/hono@v3.12.4/utils/stream.ts": "f3d15ef4e112b1916b104dc4e8481f07e2b950f23ba3dacedfcfb7e76af9a604",
    "https://deno.land/x/hono@v3.12.4/utils/types.ts": "dcbd0047473e87506ae529cdb4a447971159ba11d1d5a14ca6c35af837012a3a",
    "https://deno.land/x/hono@v3.12.4/utils/url.ts": "9d4e937ea75c1a7d37e6216722cb9f0ab42d730d2c318ae8c2701d7591401a33",
    "https://deno.land/x/hono@v3.12.4/validator/index.ts": "6c986e8b91dcf857ecc8164a506ae8eea8665792a4ff7215471df669c632ae7c",
    "https://deno.land/x/hono@v3.12.4/validator/validator.ts": "97fead75b1e3e460d0895d68eab2be6d774f6d1428e2efb8b4df8ba8bb422c3e",
    "https://deno.land/x/hono@v3.12.5/adapter/netlify/handler.ts": "c4926f3d2dd5e11f60c1eea0473a93b5090de8b3d0d70d2c67c9191a32355a6a",
    "https://deno.land/x/hono@v3.12.5/adapter/netlify/mod.ts": "e52bd1d1962d667072638e135e6f2d5856829127b07e118bd273ad13476cfd50",
    "https://deno.land/x/hono@v3.12.5/client/client.ts": "9b3bddfd400d069d58320c3f475447d5e61f2c343adad402d5d36fa17f00b481",
    "https://deno.land/x/hono@v3.12.5/client/index.ts": "30def535310a37bede261f1b23d11a9758983b8e9d60a6c56309cee5f6746ab2",
    "https://deno.land/x/hono@v3.12.5/client/utils.ts": "053273c002963b549d38268a1b423ac8ca211a8028bdab1ed0b781a62aa5e661",
    "https://deno.land/x/hono@v3.12.5/compose.ts": "37d6e33b7db80e4c43a0629b12fd3a1e3406e7d9e62a4bfad4b30426ea7ae4f1",
    "https://deno.land/x/hono@v3.12.5/context.ts": "2c40b46d14f4fa7563d03ec7e75c6a251f8608546f9c75e097deab18fe6be1c1",
    "https://deno.land/x/hono@v3.12.5/helper/cookie/index.ts": "a05ce7e3bafe1f8c7f45d04abf79822716011be75904fe1aad2e99126fd985b9",
    "https://deno.land/x/hono@v3.12.5/helper/html/index.ts": "701ed12b808e8c253247edc02c2c4b32261ae899e9c98f1427f7f6eaa8b7d1ce",
    "https://deno.land/x/hono@v3.12.5/hono-base.ts": "301b30b9db84c382a536e4f1969dac338cd67860a83ce0af82118c42278cc03d",
    "https://deno.land/x/hono@v3.12.5/hono.ts": "2cc4c292e541463a4d6f83edbcea58048d203e9564ae62ec430a3d466b49a865",
    "https://deno.land/x/hono@v3.12.5/http-exception.ts": "6071df078b5f76d279684d52fe82a590f447a64ffe1b75eb5064d0c8a8d2d676",
    "https://deno.land/x/hono@v3.12.5/mod.ts": "90114a97be9111b348129ad0143e764a64921f60dd03b8f3da529db98a0d3a82",
    "https://deno.land/x/hono@v3.12.5/request.ts": "71a67261d14bba95e9a8b4782a1c1704d12d54a77390ce404741df15ab99a109",
    "https://deno.land/x/hono@v3.12.5/router.ts": "880316f561918fc197481755aac2165fdbe2f530b925c5357a9f98d6e2cc85c7",
    "https://deno.land/x/hono@v3.12.5/router/linear-router/index.ts": "8a2a7144c50b1f4a92d9ee99c2c396716af144c868e10608255f969695efccd0",
    "https://deno.land/x/hono@v3.12.5/router/linear-router/router.ts": "1366b3fada26e33c96b0f228aa7962b9c9801c4f484b3991b256aed2c005c668",
    "https://deno.land/x/hono@v3.12.5/router/pattern-router/index.ts": "304a66c50e243872037ed41c7dd79ed0c89d815e17e172e7ad7cdc4bc07d3383",
    "https://deno.land/x/hono@v3.12.5/router/pattern-router/router.ts": "a9a5a2a182cce8c3ae82139892cc0502be7dd8f579f31e76d0302b19b338e548",
    "https://deno.land/x/hono@v3.12.5/router/reg-exp-router/index.ts": "52755829213941756159b7a963097bafde5cc4fc22b13b1c7c9184dc0512d1db",
    "https://deno.land/x/hono@v3.12.5/router/reg-exp-router/node.ts": "5b3fb80411db04c65df066e69fedb2c8c0844753c2633d703336de84d569252c",
    "https://deno.land/x/hono@v3.12.5/router/reg-exp-router/router.ts": "c89a37b14c64518256d2fc216d9db7645e658235648762c3ad6e3fc6872a941c",
    "https://deno.land/x/hono@v3.12.5/router/reg-exp-router/trie.ts": "852ce7207e6701e47fa30889a0d2b8bfcd56d8862c97e7bc9831e0a64bd8835f",
    "https://deno.land/x/hono@v3.12.5/router/smart-router/index.ts": "74f9b4fe15ea535900f2b9b048581915f12fe94e531dd2b0032f5610e61c3bef",
    "https://deno.land/x/hono@v3.12.5/router/smart-router/router.ts": "f1848a2a1eefa316a11853ae12e749552747771fb8a11fe713ae04ea6461140b",
    "https://deno.land/x/hono@v3.12.5/router/trie-router/index.ts": "3eb75e7f71ba81801631b30de6b1f5cefb2c7239c03797e2b2cbab5085911b41",
    "https://deno.land/x/hono@v3.12.5/router/trie-router/node.ts": "326830a78f3ba3f8a7171041c71d541b10fba2fb398067b09bcd35251bb9679f",
    "https://deno.land/x/hono@v3.12.5/router/trie-router/router.ts": "54ced78d35676302c8fcdda4204f7bdf5a7cc907fbf9967c75674b1e394f830d",
    "https://deno.land/x/hono@v3.12.5/utils/body.ts": "7a16a6656331a96bcae57642f8d5e3912bd361cbbcc2c0d2157ecc3f218f7a92",
    "https://deno.land/x/hono@v3.12.5/utils/buffer.ts": "9066a973e64498cb262c7e932f47eed525a51677b17f90893862b7279dc0773e",
    "https://deno.land/x/hono@v3.12.5/utils/cookie.ts": "19920ba6756944aae1ad8585c3ddeaa9df479733f59d05359db096f7361e5e4b",
    "https://deno.land/x/hono@v3.12.5/utils/crypto.ts": "bda0e141bbe46d3a4a20f8fbcb6380d473b617123d9fdfa93e4499410b537acc",
    "https://deno.land/x/hono@v3.12.5/utils/html.ts": "e800e72e2940104e963707edb41a438937693dda8d21bd37a57620e35d36c647",
    "https://deno.land/x/hono@v3.12.5/utils/stream.ts": "f3d15ef4e112b1916b104dc4e8481f07e2b950f23ba3dacedfcfb7e76af9a604",
    "https://deno.land/x/hono@v3.12.5/utils/url.ts": "9d4e937ea75c1a7d37e6216722cb9f0ab42d730d2c318ae8c2701d7591401a33",
    "https://deno.land/x/hono@v3.12.5/validator/index.ts": "6c986e8b91dcf857ecc8164a506ae8eea8665792a4ff7215471df669c632ae7c",
    "https://deno.land/x/hono@v3.12.5/validator/validator.ts": "97fead75b1e3e460d0895d68eab2be6d774f6d1428e2efb8b4df8ba8bb422c3e",
    "https://edge.netlify.com/": "47fa19b7e7fb563203cc62f9df689e2fa025d2cc7291b037da37608f2f033130",
    "https://edge.netlify.com/bootstrap/config.ts": "a980dc546acd68b9c189fd7ccf22dfa4f369aa5b95125fcac6b5e34ab94c6ec0",
    "https://edge.netlify.com/bootstrap/context.ts": "8f99269eeeeccf9b852e6089cc648c962a0ea20b2198b8b38b38e3b2ce2b9143",
    "https://edge.netlify.com/bootstrap/cookie.ts": "8b0baae708989ca183c6f3b4ab3d029e6abcbc2e43f93edeb0ff447b3bbc3a05",
    "https://edge.netlify.com/bootstrap/edge_function.ts": "b8253e86aa83c67341f5cfedeba5049d77fbf84dcab7eceff7566b7728ae9b39",
    "https://edge.netlify.com/bootstrap/globals.ts": "38f9e0be6c2c78206bf14d2387d41964d38bbe81644b3668e203c6f6473408a7",
    "https://esm.sh/@react-email/components@0.0.12": "7eeca32548480de64b6a33848bc0f603d32b49cf7910dd61271549796406dea8",
    "https://esm.sh/@react-email/html@0.0.6": "dc5110069a489e7dc4dbd2ecf288363e8efb8b1069b0f97a190b34104ee22cd5",
    "https://esm.sh/@react-email/render@0.0.9": "2a4f63c29053c427e7c62bd34ecd3cd6b99fe6a9c750bf7030c128d44e45e694",
    "https://esm.sh/@react-email/text@0.0.6": "f157e7f48814c83b10046482200ed0e152195cb47c3db42ada7f289a4a3cf4a0",
    "https://esm.sh/cache-control-parser@2.0.2": "593aa3a40c8885a7459d1125eb2096da3ec6c66b85620a1d3bcb035cd021233f",
    "https://esm.sh/react@18.2.0": "8950a34a030620fce8349d6bd3913b3bdb186c5ec7968fa5ba4d054e22d78e6c",
    "https://esm.sh/stable/react@18.2.0/denonext/jsx-runtime.js": "54d8a51c6ca025380abd2d5302e4a9b38ff835d9759c4657e52314f587eaf6bf",
    "https://esm.sh/stable/react@18.2.0/denonext/react.mjs": "3c4f23bcfc53b256fcfaf6f834fa9f584c3bb7be667b2682c6cb6ba8ef88f8e6",
    "https://esm.sh/tailwindcss@3.4.1": "440ec6032696a6640c731d97973d8bbcef1958a5c4ac47754908c143f1ed72c0",
    "https://esm.sh/v135/@alloc/quick-lru@5.2.0/denonext/quick-lru.mjs": "97ec14d5c3e6cfd4f5f5e13d7d51b271decfafa21f37424611dab68217bb2a89",
    "https://esm.sh/v135/@babel/runtime@7.23.4/denonext/helpers/esm/extends.js": "8a54b4c85d311fa4e6ce69eb774be186bbae0630687c2f60416c490df63eb484",
    "https://esm.sh/v135/@jridgewell/gen-mapping@0.3.3/denonext/gen-mapping.mjs": "dec3f062665e5248c288f5b72dc07cccfda3a7f0a5e68c4e582d3a7f5e9f9047",
    "https://esm.sh/v135/@jridgewell/resolve-uri@3.1.1/denonext/resolve-uri.mjs": "239f11fbc4483ded7e3bc97eeaf942760d5e83d2e15cb8199e48ea61b6b49948",
    "https://esm.sh/v135/@jridgewell/set-array@1.1.2/denonext/set-array.mjs": "4dff7fc6a60e797386c01a75afe612bbe573e4b8bc58d44acaf4eabae6a2aadb",
    "https://esm.sh/v135/@jridgewell/sourcemap-codec@1.4.15/denonext/sourcemap-codec.mjs": "29073b55440930edcd5fcdd6cb59ed0f72772f8387bb7b5ee3763fb3d6db81ae",
    "https://esm.sh/v135/@jridgewell/trace-mapping@0.3.20/denonext/trace-mapping.mjs": "effae0410fd525629d0a923f4688a5a4224efd890b8512f917cd8b0c5a35a144",
    "https://esm.sh/v135/@nodelib/fs.scandir@2.1.5/denonext/fs.scandir.mjs": "198a41ab13eb3e8dadf0d43746bfdfd7c16097b25acd182fbe2acd2111d34ebb",
    "https://esm.sh/v135/@nodelib/fs.stat@2.0.5/denonext/fs.stat.mjs": "b5aad3d32ff77408cda4c594ee81bb8cadc462ab2fe032b070d338a7733af0b7",
    "https://esm.sh/v135/@nodelib/fs.walk@1.2.8/denonext/fs.walk.mjs": "249a582e9cdda82572943c820b56efd6a799f8a6602d7871eabfa180b7b8bfdc",
    "https://esm.sh/v135/@radix-ui/react-compose-refs@1.0.1/denonext/react-compose-refs.mjs": "baa3b89004b961fdeb766fb60d6e34b053fb60973b3e3eb7372156280f19a243",
    "https://esm.sh/v135/@radix-ui/react-slot@1.0.2/denonext/react-slot.mjs": "c61ec8991b030068016fa9948fbdc1ff20cf3353dce7be130f078fb01bd70e5f",
    "https://esm.sh/v135/@react-email/body@0.0.4/denonext/body.mjs": "a3658a39417ff98b9739641fedf393a61b55b25bb050ef28ed059d8d89f640b2",
    "https://esm.sh/v135/@react-email/button@0.0.11/denonext/button.mjs": "7a13cc607c5a156c1127f342ef9b69e8c8ef4d16285dac34dc315087de1f9e6f",
    "https://esm.sh/v135/@react-email/column@0.0.8/denonext/column.mjs": "90016d83ccac6f49805aa53dd22511a0b7e5f88450377e6ce4c13daae26ceb05",
    "https://esm.sh/v135/@react-email/components@0.0.12/denonext/components.mjs": "a8ac4c2d8ba8f85f3308b2d3d781a88c6b262b0fff0a1c5f16fd09f97bacc1e7",
    "https://esm.sh/v135/@react-email/container@0.0.10/denonext/container.mjs": "3ed4c1d091bb35cb1fe488b8bf5c3b761e46f3aeeb9f246f7c746dbdb2b10daf",
    "https://esm.sh/v135/@react-email/font@0.0.4/denonext/font.mjs": "bdafa6d7884f36379d8196359af76643eefb399c3a1f81f04ad7f1b6d544d318",
    "https://esm.sh/v135/@react-email/head@0.0.6/denonext/head.mjs": "a1f25452955915d5433f6accf8a123244bd66a6d3a6e8fbd56650ef54df89428",
    "https://esm.sh/v135/@react-email/heading@0.0.9/denonext/heading.mjs": "d030de5e4e1533f0239132da60f5036c34d9d08b21d5cb6fce0f3be3d2237d87",
    "https://esm.sh/v135/@react-email/hr@0.0.6/denonext/hr.mjs": "f859302ea6ba496f61bbd070f948118a8170774992a5a109903f112d8815af34",
    "https://esm.sh/v135/@react-email/html@0.0.6/denonext/html.mjs": "7d78a3ce2f5ab52a4571222f1ceab1ece1340e036ba078cb5614988cc18ebef7",
    "https://esm.sh/v135/@react-email/img@0.0.6/denonext/img.mjs": "ffd8c55120e3672779e2000350335ae244797b299e4e7b961b8eae4b17caf94b",
    "https://esm.sh/v135/@react-email/link@0.0.6/denonext/link.mjs": "9ef1be371eac1bf3256f4bd31c5e6006fd54b065959f3eb5cb5ba5267039b556",
    "https://esm.sh/v135/@react-email/preview@0.0.7/denonext/preview.mjs": "9fece8efdc4f12f88b466b8a1d5138cb4a864f13f300a647012e0dbcabaac0d5",
    "https://esm.sh/v135/@react-email/render@0.0.9/denonext/render.mjs": "26eb4aef662d90f362ae599978815568c436af3ab0b5a8f6d7fe87323dbea9c8",
    "https://esm.sh/v135/@react-email/row@0.0.6/denonext/row.mjs": "b376ce6d6ce302ee96cf837f2406dee104c1e0c12e4d9d62559da96ce0618f35",
    "https://esm.sh/v135/@react-email/section@0.0.10/denonext/section.mjs": "2e757a8f6aa026f766a0dbd0ec55a544e9754b98c89c6da2ae4257468ea29e5b",
    "https://esm.sh/v135/@react-email/tailwind@0.0.13/denonext/tailwind.mjs": "7c48ae41c24be986324e664845f5da99943121f9022fa38e07fafca15e938a80",
    "https://esm.sh/v135/@react-email/text@0.0.6/denonext/text.mjs": "4393a7b9781a44435b50400a0795ad998df311637972249ad5f51a13a32c114e",
    "https://esm.sh/v135/@selderee/plugin-htmlparser2@0.11.0/denonext/plugin-htmlparser2.mjs": "1df48106fa3eb0a241f08d17cd1ac048d7d56a5ecbd79b9e7a7404aeefe2d30d",
    "https://esm.sh/v135/@tailwindcss/line-clamp@0.4.4/denonext/line-clamp.mjs": "4d872097e3a9b4478bdb3bb5383e19b0e8fb090c33ed718c6ce97b9811f45469",
    "https://esm.sh/v135/braces@3.0.2/denonext/braces.mjs": "14bd8bc9376cfc426acf63dea50e61c6032b71931f4e3976d7a110832a67a216",
    "https://esm.sh/v135/cache-control-parser@2.0.2/denonext/cache-control-parser.mjs": "c2ad4a3f3b688914214d1facf9254617ac551c6a203a2353050c9882d26ab219",
    "https://esm.sh/v135/camelcase-css@2.0.1/denonext/camelcase-css.mjs": "33a527694ad2ea66a9dc7cb6ba2890e2663ff68bf90bb6e69cd1040c666ba2b9",
    "https://esm.sh/v135/condense-newlines@0.2.1/denonext/condense-newlines.mjs": "387f53e2b0ff1322fbb3f2247f56dd3049470ac66a4d82faf97eea757f7edb71",
    "https://esm.sh/v135/cssesc@3.0.0/denonext/cssesc.mjs": "8e1441106b9e0d6a2b1c5f012f9f22962fbd8661490c06e7d0f602dd2b65864f",
    "https://esm.sh/v135/deepmerge@4.3.1/denonext/deepmerge.mjs": "08481570f6011601fe4b827bffb00cdea632e55c923c44485d8719e8ab77b7c9",
    "https://esm.sh/v135/didyoumean@1.2.2/denonext/didyoumean.mjs": "ca0cb9b86dbc86ae694b501633714c16cf1a56a82ab4329c1a53dbd9f7a92342",
    "https://esm.sh/v135/dlv@1.1.3/denonext/dlv.mjs": "49d539f5df4b62215e0192a384d3225f53d181fa301c59256756e87f997c362d",
    "https://esm.sh/v135/dom-serializer@2.0.0/denonext/dom-serializer.mjs": "700001f5fdb9f72fc7d1f169be700489ddd7f19489b58b6e8691ff1fca9000fe",
    "https://esm.sh/v135/domelementtype@2.3.0/denonext/domelementtype.mjs": "371936c356d5ac797f2ce3a66b98dfc73e6fff0e095b2858b85668e6ad7d10e0",
    "https://esm.sh/v135/domhandler@5.0.3/denonext/domhandler.mjs": "8c6e56c4596bbe7e9fd9d615f8fcdec7f11075f217bdc966a02ebe89c01b9f6f",
    "https://esm.sh/v135/domutils@3.1.0/denonext/domutils.mjs": "2a86554cc5f543a068bbf6ea6ed0647f4ad4c3ccb555f0da9fae09180cd7b611",
    "https://esm.sh/v135/entities@4.5.0/denonext/entities.mjs": "a9e8f9c22022c34755d1189030ac30c68545ccf8532fa32654c50fe9d90a13a1",
    "https://esm.sh/v135/entities@4.5.0/denonext/lib/decode.js": "7fea6d8bd725edbbf7ea05031d2ea1bbbc1166dc11e3345d541198dd2dc16f1e",
    "https://esm.sh/v135/entities@4.5.0/denonext/lib/escape.js": "7ebdc622bf3618bab25db40da4a49e2b9d03f044745f125f0bc3359f2d060def",
    "https://esm.sh/v135/extend-shallow@2.0.1/denonext/extend-shallow.mjs": "cc409badfe86dbf0dda98cb2cbe31ccd257be09abc27fd4dc398551c4be3f783",
    "https://esm.sh/v135/fast-glob@3.3.2/denonext/fast-glob.mjs": "7cd97b46afcbb788a2482dc77ee3312b976ed684a2755d973950f36d14388931",
    "https://esm.sh/v135/fastq@1.15.0/denonext/fastq.mjs": "8dc61c0698cfa62a3bc676fc907154b125953daee3028ffcaf7680e5ba96adff",
    "https://esm.sh/v135/fill-range@7.0.1/denonext/fill-range.mjs": "44e967a9d6edabbb62be3e6c7a5daedb25d1c739dac1d88a50691b653617845a",
    "https://esm.sh/v135/glob-parent@5.1.2/denonext/glob-parent.mjs": "d10f2b3fe6072bf3ed7080dd1dc31a4d877d31e7dcbb42f7f457b2541a8913ce",
    "https://esm.sh/v135/glob-parent@6.0.2/denonext/glob-parent.mjs": "f79ac179c9c048963cecda8dcdd19e6468a80304a5d8097dd804d7d5d587764a",
    "https://esm.sh/v135/html-to-text@9.0.5/denonext/html-to-text.mjs": "fdb70c7ab2e8f32a5ad937d75fb01d81bb4ab59baf3ef818b6b06cd3fe40fc70",
    "https://esm.sh/v135/htmlparser2@8.0.2/denonext/htmlparser2.mjs": "219a31d81c87d8ea21bec9be33d0d03bb8942c8b79fb8b9e2e6a05b826fc24dc",
    "https://esm.sh/v135/is-buffer@1.1.6/denonext/is-buffer.mjs": "486415c82ae4904c95e53ade28d7b5992ff49174db33763a2a7db8e7e3a01006",
    "https://esm.sh/v135/is-extendable@0.1.1/denonext/is-extendable.mjs": "27cf6efd0253500046d955b361857416cf89675dc7b50c036337e751a27b1eff",
    "https://esm.sh/v135/is-extglob@2.1.1/denonext/is-extglob.mjs": "43b399da3b6384e348c08e894003bd598e511c77e6079e76328085d7081a9595",
    "https://esm.sh/v135/is-glob@4.0.3/denonext/is-glob.mjs": "f2ee9ce4250a5727fb81e5a0c96efa7f0566166a4d9ac6acb3107821b9f5f52d",
    "https://esm.sh/v135/is-number@7.0.0/denonext/is-number.mjs": "717f009bb6eaf01f5f0808869d7ef19165893326e7f0c114f67608827b243eb3",
    "https://esm.sh/v135/is-whitespace@0.3.0/denonext/is-whitespace.mjs": "a7e47c18d67ae6b2c0dae573f6c993cb2366e93e8745a730fad36121db55f531",
    "https://esm.sh/v135/jiti@1.21.0/denonext/jiti.mjs": "bbfc93d9209830c7ced2aefeb9ab05759e225b696ef8ae6f88544468e495d68f",
    "https://esm.sh/v135/js-beautify@1.14.11/denonext/js-beautify.mjs": "98b7066a4986e44e04c6e5216628f5abce4f5d54ec63e0d8369e93f44a9bd940",
    "https://esm.sh/v135/kind-of@3.2.2/denonext/kind-of.mjs": "08f25c105618a36af8981891437a5f1824951a6dfe3349a0819aea36f29a79c2",
    "https://esm.sh/v135/leac@0.6.0/denonext/leac.mjs": "766c7fa398dc25fdbed0f958730f4e68d3213bf8c48bc89e66da8f0b4cffee88",
    "https://esm.sh/v135/lines-and-columns@1.2.4/denonext/lines-and-columns.mjs": "7abe81c1b8e54c1bd3df119e80af6034010df73434292f237d821fa02d8ebe3a",
    "https://esm.sh/v135/merge2@1.4.1/denonext/merge2.mjs": "db1c2fdc925b7e985ec06e0ba66892e5d3c98b56fca2dcab0d2b7e500ae79d29",
    "https://esm.sh/v135/micromatch@4.0.5/denonext/micromatch.mjs": "fb49fb243b26bfa4070ad6ae4d1725e48b16ab20233afd4c3932070931a23fce",
    "https://esm.sh/v135/nanoid@3.3.7/denonext/non-secure.js": "04f910c9045422af11c2760899978492d745d6b13e5d9f08040c13b658c27ee0",
    "https://esm.sh/v135/normalize-path@3.0.0/denonext/normalize-path.mjs": "0bd9eb662968a1c5204707b67229013267fd43f99d629038410f4d7986ed1d59",
    "https://esm.sh/v135/object-hash@3.0.0/denonext/object-hash.mjs": "1f46afac72dcbd7ca11d5753c960db4ec0a68e8cb9541a8fa0865623dc74d5ee",
    "https://esm.sh/v135/parseley@0.12.1/denonext/parseley.mjs": "ed9217c9309e2b8596f9d2e858a274ee78223c5f52080e4c98814c6a3962e975",
    "https://esm.sh/v135/peberminta@0.9.0/denonext/peberminta.mjs": "0519104a94175bb42e7885e99f59828e4417862a961955b7d52042aca029df12",
    "https://esm.sh/v135/picocolors@1.0.0/denonext/picocolors.mjs": "5d53d745955947dce84f82222cfd00fd021239fcbe9336c6bbfe34ed2f40886c",
    "https://esm.sh/v135/picomatch@2.3.1/denonext/lib/utils.js": "c91de22a27a663dff8c248cd7f5729b62cf98f734ff723e8522ebac7a966274f",
    "https://esm.sh/v135/picomatch@2.3.1/denonext/picomatch.mjs": "f5d737a14a53e5652d43f67ffb7238ed45b74fced036fae30c3bfeaec3478bbb",
    "https://esm.sh/v135/postcss-js@4.0.1/denonext/async.js": "8c1451c88fb77451ea4da16da9421b42f9efd5e556170890d27ef00407388a36",
    "https://esm.sh/v135/postcss-js@4.0.1/denonext/objectifier.js": "5c3d765fb4b928f55e7e70d6ed1c7f97a936f7efbec73e12131f2552152fb15f",
    "https://esm.sh/v135/postcss-js@4.0.1/denonext/parser.js": "d15990c187bc0c70cbb696ef9fc1879f59576342e78636b8fcc07c4c1e7a260c",
    "https://esm.sh/v135/postcss-js@4.0.1/denonext/postcss-js.mjs": "fffd52be6492413e46abb5b162d1bdaf56f4da46f04748b118ce5dc31771a8d7",
    "https://esm.sh/v135/postcss-js@4.0.1/denonext/process-result.js": "207078bed769aae1cf812763b366956e6b957ef6478271712c9fee472c168ede",
    "https://esm.sh/v135/postcss-js@4.0.1/denonext/sync.js": "47d4ad46eb9d6e8e9aa80ec7b9580c52ec65fe0288fc79ecadfa0c7bff2600e2",
    "https://esm.sh/v135/postcss-nested@6.0.1/denonext/postcss-nested.mjs": "41bd50b065f54e1098aaef1339d021146719c5ce7b892a837d5187701bb0c31e",
    "https://esm.sh/v135/postcss-selector-parser@6.0.13/denonext/postcss-selector-parser.mjs": "bc58044ecec01589e23fc7f3cb256755710f380b66c47282409e8ac514a765bd",
    "https://esm.sh/v135/postcss-selector-parser@6.0.15/denonext/dist/util/unesc.js": "01a00ced9b234ede7665c08b4cabc2a24301215247461539bbbb5c3a150346d0",
    "https://esm.sh/v135/postcss-selector-parser@6.0.15/denonext/postcss-selector-parser.mjs": "e47969da9d987682d6146491fe77e2a5f62885e63174a3f40f3417f2c1e87ac8",
    "https://esm.sh/v135/postcss@8.4.31/denonext/lib/at-rule.js": "4cd3a53a67b972be9712e9af2492b2eadd32cbbeda6310a909e34d984bcda048",
    "https://esm.sh/v135/postcss@8.4.31/denonext/lib/comment.js": "6224f5617fbcfb90ee0a14a07951258c2cacb8b918bd9210c9950e617f0daaa8",
    "https://esm.sh/v135/postcss@8.4.31/denonext/lib/container.js": "128ef5a47586593b71b52c4499920b384a1fa73df9bbd14c8ff1946fc440a783",
    "https://esm.sh/v135/postcss@8.4.31/denonext/lib/css-syntax-error.js": "81e3ca71ff833022a56aa7b4de2c5995999f33465a209390e6b28b7611582d41",
    "https://esm.sh/v135/postcss@8.4.31/denonext/lib/declaration.js": "d8ed2e3f54f9970cdc66c139481cd52961708dd7202cfdb409bf5f1c5b4ffb83",
    "https://esm.sh/v135/postcss@8.4.31/denonext/lib/fromJSON.js": "f08d5cd84c4840a726cbc2fc149253864dafe69ff2991fa0c6fa3490c5c8fd70",
    "https://esm.sh/v135/postcss@8.4.31/denonext/lib/input.js": "5776098707b39daca45565699c1d1ecd700c415ca863c7ebef7d402619c7f9c0",
    "https://esm.sh/v135/postcss@8.4.31/denonext/lib/lazy-result.js": "5e2c5cbe211148ecd272f5900fc4189317c74acf3570ff12b307a31716069536",
    "https://esm.sh/v135/postcss@8.4.31/denonext/lib/list.js": "9ee1a8ca4cb42b87372db1fc6549fff29916564f8c07bf52870a84d2b91c6553",
    "https://esm.sh/v135/postcss@8.4.31/denonext/lib/map-generator.js": "1d25d7e1f7c98e583a7525966ff00065aa0f2cfc78e760fccdb1dbf632746004",
    "https://esm.sh/v135/postcss@8.4.31/denonext/lib/no-work-result.js": "a7e85149a2a58cdb8d24928f37da2c1fe7a7812466cf03b1ef3ad34ee66c60e7",
    "https://esm.sh/v135/postcss@8.4.31/denonext/lib/node.js": "fb129d1023b2c428f9fe10626ce345508eaeca84def469b7ff025a14932fc14b",
    "https://esm.sh/v135/postcss@8.4.31/denonext/lib/parse.js": "6f2f0301c1b6171f930973e93eae429a7c7355e9a73b608548e38a0a58669167",
    "https://esm.sh/v135/postcss@8.4.31/denonext/lib/parser.js": "09074eefec15c6849794c51f0bea2af7f37f8c64dd2a210831f0d9047d73129c",
    "https://esm.sh/v135/postcss@8.4.31/denonext/lib/postcss.js": "e3455363a90f50b2fb40ef356772e408a924692d363dca03ac676fd7dd786391",
    "https://esm.sh/v135/postcss@8.4.31/denonext/lib/previous-map.js": "22332c5d21d8a3c56df08f6ed46ea0c2034ec9d2a3ca8e85d28c2b7ec3875e05",
    "https://esm.sh/v135/postcss@8.4.31/denonext/lib/processor.js": "583f9dee08e160a160f14f60c98733ba4c187de9a3192fe2f0a04ffe35b09e95",
    "https://esm.sh/v135/postcss@8.4.31/denonext/lib/result.js": "c40d7a814c0c95f250bcc5eb1f94110c016e7ff7dae1e25ffdc298520ba1a0c5",
    "https://esm.sh/v135/postcss@8.4.31/denonext/lib/root.js": "c211a1310bfcf0a7e202a68d0bf79125ac472a5a4f3b6b1d9fb17805c1323550",
    "https://esm.sh/v135/postcss@8.4.31/denonext/lib/rule.js": "4316a023cfaa889a2ec21e5a6129ce0e3639936f578c44909d3dc537aaf11be4",
    "https://esm.sh/v135/postcss@8.4.31/denonext/lib/stringifier.js": "ee4c8dff2c1e67ea351bc003563f15cbfaaa1a5d079eda31dfb8b7d23fd7ca19",
    "https://esm.sh/v135/postcss@8.4.31/denonext/lib/stringify.js": "c99df0b7406b7a1c63909c855959255d5ecef31967a0eb09ae08cf84737b6d61",
    "https://esm.sh/v135/postcss@8.4.31/denonext/lib/symbols.js": "21d641931343fff9437a1bd720a7df9e60d7f599b2ba269c98a1e741071f495c",
    "https://esm.sh/v135/postcss@8.4.31/denonext/lib/terminal-highlight.js": "5f215fde89517b9e37963ed10c31962a0f3331bc6d7da6ec61d1305d86aee9f2",
    "https://esm.sh/v135/postcss@8.4.31/denonext/lib/tokenize.js": "c73b6614aa8e3afd00130d76bb989d9c3211f225c9e9e6a8c326b0952d05d4b6",
    "https://esm.sh/v135/postcss@8.4.31/denonext/lib/warn-once.js": "3f6117216f9e1c8935cb05ee84459bf10debfaaf5ecbe517c43d3c1c31aa0b2f",
    "https://esm.sh/v135/postcss@8.4.31/denonext/lib/warning.js": "af11340817cce38f4b02f93cadb4c77b0142c69565f07ee86e13ba8948ebeb16",
    "https://esm.sh/v135/postcss@8.4.31/denonext/postcss.mjs": "17cb1bfa8d463c1e35ed187969d937c4a2c880508dcaf00f15db9277ffc4becd",
    "https://esm.sh/v135/postcss@8.4.33/denonext/lib/at-rule.js": "3742f0211383b863a8da28e66889bf0c8d59b80cb16c7c2850aa68e6627d73df",
    "https://esm.sh/v135/postcss@8.4.33/denonext/lib/comment.js": "3775343e06b5f96c7f6c07ee83335a30fbf978b5bf1d12252024ec3d15915552",
    "https://esm.sh/v135/postcss@8.4.33/denonext/lib/container.js": "17ba2b7e67f2aa8a7e70233e375a51e02ab74c84e98fb650b461965d6962eb5b",
    "https://esm.sh/v135/postcss@8.4.33/denonext/lib/css-syntax-error.js": "a5793285094ba1f1956fb89b9d9e7eb594f0ce70b509f44e8f000d4c3c948782",
    "https://esm.sh/v135/postcss@8.4.33/denonext/lib/declaration.js": "6589a15eb57271c37db89b4ff1912e9d98ee5988c8ac362a221246901246b228",
    "https://esm.sh/v135/postcss@8.4.33/denonext/lib/fromJSON.js": "fa6fc14c142ba4f6dc2b2a11af37a8d721231ec5c6b1ad71515e5b324651e3df",
    "https://esm.sh/v135/postcss@8.4.33/denonext/lib/input.js": "1c4b7c81b907a30e669ebf35b49826c65cf4501d17124f2cbc20614fd46473c6",
    "https://esm.sh/v135/postcss@8.4.33/denonext/lib/lazy-result.js": "d6c904ee09586013b2486c158add26c49cebc156e662ab05e8933a46f7da635c",
    "https://esm.sh/v135/postcss@8.4.33/denonext/lib/list.js": "5cfef4eb77436d43ab8c66ef6c9e7b8435bb71861fb916eab66b8c3006f3706d",
    "https://esm.sh/v135/postcss@8.4.33/denonext/lib/map-generator.js": "090e196be81c570fb7eee130e9600bb9ef30ea2873fa7638dbc22ee8ab771e37",
    "https://esm.sh/v135/postcss@8.4.33/denonext/lib/no-work-result.js": "9eca09bc8be0f55b5892771b69f19515767fb0f8602220f2994ebe28b2ae3198",
    "https://esm.sh/v135/postcss@8.4.33/denonext/lib/node.js": "154a7a937f914fc62c63d58f8ca927b5c330baa2d58eeffc72a221a0397f502e",
    "https://esm.sh/v135/postcss@8.4.33/denonext/lib/parse.js": "7a51a08f3fbcf80a5550aed2945fafd15cb5545f756b621af3d9c37de0baf1fa",
    "https://esm.sh/v135/postcss@8.4.33/denonext/lib/parser.js": "b607e6386218189b7e023757ae51566a64b449a1b1653363d6f767a52f6974ec",
    "https://esm.sh/v135/postcss@8.4.33/denonext/lib/postcss.js": "2cedc1756348ce4f68e2fe3aeec2c5edf2b30fcecc1ca6e24d58018338c0681f",
    "https://esm.sh/v135/postcss@8.4.33/denonext/lib/previous-map.js": "bf70f10aef40c0064090cd6dea68a964a260bb282267cb33e0fd7fec1c65ecb5",
    "https://esm.sh/v135/postcss@8.4.33/denonext/lib/processor.js": "ed9a801319332962e3f69b0fabee5c0e0b1ff45d5fe2b2bac5a0785ee9a0530d",
    "https://esm.sh/v135/postcss@8.4.33/denonext/lib/result.js": "ed8a2de8f5f46d4d794e088fd1b112b62f2b8eb70427c5940f74748b9a436da9",
    "https://esm.sh/v135/postcss@8.4.33/denonext/lib/root.js": "279be5d5c764444aa3efae0e83b8319bb72a98721f848d8f0299ecdd93015929",
    "https://esm.sh/v135/postcss@8.4.33/denonext/lib/rule.js": "da34400e6c63d23a27b65070671994e2264cf3c05d435f0f47d67e166c367bde",
    "https://esm.sh/v135/postcss@8.4.33/denonext/lib/stringifier.js": "d764f211ead3db743bd675f1556c0ce890ebbe4b13927c6b987285d5ea25826c",
    "https://esm.sh/v135/postcss@8.4.33/denonext/lib/stringify.js": "17e1dbacbd43c1a7612f5b512eb4a3977ee12d660b7bce30156f62fffdbaaad6",
    "https://esm.sh/v135/postcss@8.4.33/denonext/lib/symbols.js": "5a620eca9274479c2aff7164c401c1484ac8e38d2f027f964aa569c3a78d99b0",
    "https://esm.sh/v135/postcss@8.4.33/denonext/lib/terminal-highlight.js": "88f149574779df5dbaa8a3c19fa66722deebbb37d4fbd49b07f521e824d2440d",
    "https://esm.sh/v135/postcss@8.4.33/denonext/lib/tokenize.js": "ebe081d92a297e7a76ea50ef6c189bcc44ca3bb4a8c5b483327f7a8aa9013cb5",
    "https://esm.sh/v135/postcss@8.4.33/denonext/lib/warn-once.js": "ca89c8f160e5c2790897f952f405870cb1537b9dbb3a50252cf9a4a1183e4ddb",
    "https://esm.sh/v135/postcss@8.4.33/denonext/lib/warning.js": "48950e0e67d5bb8b40caa6e85ca15db225f15a0bfafcd496d23f78d20d757f7c",
    "https://esm.sh/v135/postcss@8.4.33/denonext/postcss.mjs": "6b47a609b63d9e03bbf2497e99c1ebc4260b06129a76ee09d773759a4516ae1a",
    "https://esm.sh/v135/pretty@2.0.0/denonext/pretty.mjs": "7423667633dba5ca3acb99b8d9aa463b6c8f463634ad1244f13241b9fd984019",
    "https://esm.sh/v135/queue-microtask@1.2.3/denonext/queue-microtask.mjs": "427f94089c1dfb325e13eb15ad9ff02b7dee1665fef69cf3034aade7f144168f",
    "https://esm.sh/v135/react-dom@18.2.0/denonext/server.js": "ead88af18fb70a507ccab7bc02732e9d225ef224a6de05f4829605008e796750",
    "https://esm.sh/v135/reusify@1.0.4/denonext/reusify.mjs": "85c8fa5a95b6204f3b17b8f91b6e4997a8bf4c6f225dce97246336f2f756bedd",
    "https://esm.sh/v135/run-parallel@1.2.0/denonext/run-parallel.mjs": "f3d425d8641ad511578478a3d219d1ee04f02981a05c0b3380a13f51682add12",
    "https://esm.sh/v135/selderee@0.11.0/denonext/selderee.mjs": "277b1ef45c8ec2ca935f839bb635e74bc90f129fdfc34aeed212649793e8ac85",
    "https://esm.sh/v135/source-map-js@1.0.2/denonext/source-map-js.mjs": "81ed2d1f28bd08a762f6819d5b366285a1bacf4b5c3757d866c79e4950529bfd",
    "https://esm.sh/v135/sucrase@3.35.0/denonext/sucrase.mjs": "c898e6ce12e24c944178b6541792ba90bd340200961cbfdb5a6b30f0e395b7bc",
    "https://esm.sh/v135/tailwindcss@3.3.5/denonext/plugin.js": "ea1596b8aa8e949f00fdcb84a1b2d49e290a85702627b26ad77533a2fe574b44",
    "https://esm.sh/v135/tailwindcss@3.3.5/denonext/types/config.d.js": "a854c9c2c7911a09525fcebf669c1d108db845fc0bed31e8e48338a5671deb50",
    "https://esm.sh/v135/tailwindcss@3.3.5/types/config.d": "81d403a9d1f7477f931b23ee952157473135f8debfa3cef4b5aaa5c540c60e40",
    "https://esm.sh/v135/tailwindcss@3.4.1/denonext/tailwindcss.mjs": "2f9ac6b0b4fc36833cacb63282ba817a77093f1fb102417245a1a9d01a8b851b",
    "https://esm.sh/v135/tailwindcss@3.4.1/denonext/types/config.d.js": "4ff926efdc5d27d05495bdf976e495e0c3f40be741e9446fc0a4e1d311b5cd79",
    "https://esm.sh/v135/tailwindcss@3.4.1/types/config.d": "99db3a676c54d0a74a9cb24b510d695ef76b3b4c3847435116547fcaca7681c0",
    "https://esm.sh/v135/to-regex-range@5.0.1/denonext/to-regex-range.mjs": "e496dae98a16e747d8e6ee2e4541a81e95c524bb111cb26290cb2a320f65be3e",
    "https://esm.sh/v135/ts-interface-checker@0.1.13/denonext/ts-interface-checker.mjs": "96e106e4695924d2a3b9318f972d094f17a72577e75877c110d20c084592f042",
    "https://esm.sh/v135/util-deprecate@1.0.2/denonext/util-deprecate.mjs": "f69f67cf655c38428b0934e0f7c865c055834a87cc3866b629d6b2beb21005e9",
    "https://v1-6-0--edge-utils.netlify.app/logger/logger.ts": "7b7c87aa3772890be797e0e9ebd9a22b31c9e3105673ffc1844e88aabc5e5c37",
    "https://v1-6-0--edge-utils.netlify.app/logger/mod.ts": "669a5ec2dceede2926b0e1a7471c449a445f957c1deac559e07fb4c2af390ed1"
  }
}
